
Microsoft Visual Studio Solution File, Format Version 12.00
# Visual Studio Version 17
VisualStudioVersion = 17.2.32630.192
MinimumVisualStudioVersion = 10.0.40219.1
Project("{8BC9CEB8-8B4A-11D0-8D11-00A0C91BC942}") = "3-1", "3-1\3-1.vcxproj", "{CC457EC1-46D5-43C2-8FBE-A4578F9B2E53}"
EndProject
Project("{8BC9CEB8-8B4A-11D0-8D11-00A0C91BC942}") = "3-2", "3-2\3-2.vcxproj", "{59DA0424-0052-4B0E-94D0-7754520D006F}"
EndProject
Project("{8BC9CEB8-8B4A-11D0-8D11-00A0C91BC942}") = "3-3", "3-3\3-3.vcxproj", "{F53745A4-58D3-4A23-8F37-2873A4BF4349}"
EndProject
Project("{8BC9CEB8-8B4A-11D0-8D11-00A0C91BC942}") = "3-4", "3-4\3-4.vcxproj", "{B3C1874D-50C2-4DBF-9890-EDD0AE510FF0}"
EndProject
Project("{8BC9CEB8-8B4A-11D0-8D11-00A0C91BC942}") = "3-5", "3-5\3-5.vcxproj", "{4363D320-34A5-4B61-9292-BDF75C681B58}"
EndProject
Project("{8BC9CEB8-8B4A-11D0-8D11-00A0C91BC942}") = "3-6", "3-6\3-6.vcxproj", "{61652037-5ACB-4274-AEF0-91794F302A3D}"
EndProject
Project("{8BC9CEB8-8B4A-11D0-8D11-00A0C91BC942}") = "3-7", "3-7\3-7.vcxproj", "{AC328750-3A6A-4715-8DA4-C95B90A574F4}"
EndProject
Project("{8BC9CEB8-8B4A-11D0-8D11-00A0C91BC942}") = "3-8", "3-8\3-8.vcxproj", "{54A299F4-73DE-4B15-B7E2-AFE7E758D357}"
EndProject
Project("{8BC9CEB8-8B4A-11D0-8D11-00A0C91BC942}") = "3-9", "3-9\3-9.vcxproj", "{B915E04F-0CCB-41A7-97A5-AE6FEDDEACBE}"
EndProject
Project("{8BC9CEB8-8B4A-11D0-8D11-00A0C91BC942}") = "3-10", "3-10\3-10.vcxproj", "{AF44B270-4A0C-4BF4-9149-7EDADA4C152E}"
EndProject
Project("{8BC9CEB8-8B4A-11D0-8D11-00A0C91BC942}") = "3-10-2", "3-10-2\3-10-2.vcxproj", "{6A631A1F-EED0-45E2-82D9-3AA2B812E35C}"
EndProject
Project("{8BC9CEB8-8B4A-11D0-8D11-00A0C91BC942}") = "3-11", "3-11\3-11.vcxproj", "{EED1E30E-30B7-47C8-911C-91CDB91D5B4C}"
EndProject
Project("{8BC9CEB8-8B4A-11D0-8D11-00A0C91BC942}") = "3-12", "3-12\3-12.vcxproj", "{E2B2D246-7F06-4D51-B39D-C976C224F680}"
EndProject
Global
	GlobalSection(SolutionConfigurationPlatforms) = preSolution
		Debug|x64 = Debug|x64
		Debug|x86 = Debug|x86
		Release|x64 = Release|x64
		Release|x86 = Release|x86
	EndGlobalSection
	GlobalSection(ProjectConfigurationPlatforms) = postSolution
		{CC457EC1-46D5-43C2-8FBE-A4578F9B2E53}.Debug|x64.ActiveCfg = Debug|x64
		{CC457EC1-46D5-43C2-8FBE-A4578F9B2E53}.Debug|x64.Build.0 = Debug|x64
		{CC457EC1-46D5-43C2-8FBE-A4578F9B2E53}.Debug|x86.ActiveCfg = Debug|Win32
		{CC457EC1-46D5-43C2-8FBE-A4578F9B2E53}.Debug|x86.Build.0 = Debug|Win32
		{CC457EC1-46D5-43C2-8FBE-A4578F9B2E53}.Release|x64.ActiveCfg = Release|x64
		{CC457EC1-46D5-43C2-8FBE-A4578F9B2E53}.Release|x64.Build.0 = Release|x64
		{CC457EC1-46D5-43C2-8FBE-A4578F9B2E53}.Release|x86.ActiveCfg = Release|Win32
		{CC457EC1-46D5-43C2-8FBE-A4578F9B2E53}.Release|x86.Build.0 = Release|Win32
		{59DA0424-0052-4B0E-94D0-7754520D006F}.Debug|x64.ActiveCfg = Debug|x64
		{59DA0424-0052-4B0E-94D0-7754520D006F}.Debug|x64.Build.0 = Debug|x64
		{59DA0424-0052-4B0E-94D0-7754520D006F}.Debug|x86.ActiveCfg = Debug|Win32
		{59DA0424-0052-4B0E-94D0-7754520D006F}.Debug|x86.Build.0 = Debug|Win32
		{59DA0424-0052-4B0E-94D0-7754520D006F}.Release|x64.ActiveCfg = Release|x64
		{59DA0424-0052-4B0E-94D0-7754520D006F}.Release|x64.Build.0 = Release|x64
		{59DA0424-0052-4B0E-94D0-7754520D006F}.Release|x86.ActiveCfg = Release|Win32
		{59DA0424-0052-4B0E-94D0-7754520D006F}.Release|x86.Build.0 = Release|Win32
		{F53745A4-58D3-4A23-8F37-2873A4BF4349}.Debug|x64.ActiveCfg = Debug|x64
		{F53745A4-58D3-4A23-8F37-2873A4BF4349}.Debug|x64.Build.0 = Debug|x64
		{F53745A4-58D3-4A23-8F37-2873A4BF4349}.Debug|x86.ActiveCfg = Debug|Win32
		{F53745A4-58D3-4A23-8F37-2873A4BF4349}.Debug|x86.Build.0 = Debug|Win32
		{F53745A4-58D3-4A23-8F37-2873A4BF4349}.Release|x64.ActiveCfg = Release|x64
		{F53745A4-58D3-4A23-8F37-2873A4BF4349}.Release|x64.Build.0 = Release|x64
		{F53745A4-58D3-4A23-8F37-2873A4BF4349}.Release|x86.ActiveCfg = Release|Win32
		{F53745A4-58D3-4A23-8F37-2873A4BF4349}.Release|x86.Build.0 = Release|Win32
		{B3C1874D-50C2-4DBF-9890-EDD0AE510FF0}.Debug|x64.ActiveCfg = Debug|x64
		{B3C1874D-50C2-4DBF-9890-EDD0AE510FF0}.Debug|x64.Build.0 = Debug|x64
		{B3C1874D-50C2-4DBF-9890-EDD0AE510FF0}.Debug|x86.ActiveCfg = Debug|Win32
		{B3C1874D-50C2-4DBF-9890-EDD0AE510FF0}.Debug|x86.Build.0 = Debug|Win32
		{B3C1874D-50C2-4DBF-9890-EDD0AE510FF0}.Release|x64.ActiveCfg = Release|x64
		{B3C1874D-50C2-4DBF-9890-EDD0AE510FF0}.Release|x64.Build.0 = Release|x64
		{B3C1874D-50C2-4DBF-9890-EDD0AE510FF0}.Release|x86.ActiveCfg = Release|Win32
		{B3C1874D-50C2-4DBF-9890-EDD0AE510FF0}.Release|x86.Build.0 = Release|Win32
		{4363D320-34A5-4B61-9292-BDF75C681B58}.Debug|x64.ActiveCfg = Debug|x64
		{4363D320-34A5-4B61-9292-BDF75C681B58}.Debug|x64.Build.0 = Debug|x64
		{4363D320-34A5-4B61-9292-BDF75C681B58}.Debug|x86.ActiveCfg = Debug|Win32
		{4363D320-34A5-4B61-9292-BDF75C681B58}.Debug|x86.Build.0 = Debug|Win32
		{4363D320-34A5-4B61-9292-BDF75C681B58}.Release|x64.ActiveCfg = Release|x64
		{4363D320-34A5-4B61-9292-BDF75C681B58}.Release|x64.Build.0 = Release|x64
		{4363D320-34A5-4B61-9292-BDF75C681B58}.Release|x86.ActiveCfg = Release|Win32
		{4363D320-34A5-4B61-9292-BDF75C681B58}.Release|x86.Build.0 = Release|Win32
		{61652037-5ACB-4274-AEF0-91794F302A3D}.Debug|x64.ActiveCfg = Debug|x64
		{61652037-5ACB-4274-AEF0-91794F302A3D}.Debug|x64.Build.0 = Debug|x64
		{61652037-5ACB-4274-AEF0-91794F302A3D}.Debug|x86.ActiveCfg = Debug|Win32
		{61652037-5ACB-4274-AEF0-91794F302A3D}.Debug|x86.Build.0 = Debug|Win32
		{61652037-5ACB-4274-AEF0-91794F302A3D}.Release|x64.ActiveCfg = Release|x64
		{61652037-5ACB-4274-AEF0-91794F302A3D}.Release|x64.Build.0 = Release|x64
		{61652037-5ACB-4274-AEF0-91794F302A3D}.Release|x86.ActiveCfg = Release|Win32
		{61652037-5ACB-4274-AEF0-91794F302A3D}.Release|x86.Build.0 = Release|Win32
		{AC328750-3A6A-4715-8DA4-C95B90A574F4}.Debug|x64.ActiveCfg = Debug|x64
		{AC328750-3A6A-4715-8DA4-C95B90A574F4}.Debug|x64.Build.0 = Debug|x64
		{AC328750-3A6A-4715-8DA4-C95B90A574F4}.Debug|x86.ActiveCfg = Debug|Win32
		{AC328750-3A6A-4715-8DA4-C95B90A574F4}.Debug|x86.Build.0 = Debug|Win32
		{AC328750-3A6A-4715-8DA4-C95B90A574F4}.Release|x64.ActiveCfg = Release|x64
		{AC328750-3A6A-4715-8DA4-C95B90A574F4}.Release|x64.Build.0 = Release|x64
		{AC328750-3A6A-4715-8DA4-C95B90A574F4}.Release|x86.ActiveCfg = Release|Win32
		{AC328750-3A6A-4715-8DA4-C95B90A574F4}.Release|x86.Build.0 = Release|Win32
		{54A299F4-73DE-4B15-B7E2-AFE7E758D357}.Debug|x64.ActiveCfg = Debug|x64
		{54A299F4-73DE-4B15-B7E2-AFE7E758D357}.Debug|x64.Build.0 = Debug|x64
		{54A299F4-73DE-4B15-B7E2-AFE7E758D357}.Debug|x86.ActiveCfg = Debug|Win32
		{54A299F4-73DE-4B15-B7E2-AFE7E758D357}.Debug|x86.Build.0 = Debug|Win32
		{54A299F4-73DE-4B15-B7E2-AFE7E758D357}.Release|x64.ActiveCfg = Release|x64
		{54A299F4-73DE-4B15-B7E2-AFE7E758D357}.Release|x64.Build.0 = Release|x64
		{54A299F4-73DE-4B15-B7E2-AFE7E758D357}.Release|x86.ActiveCfg = Release|Win32
		{54A299F4-73DE-4B15-B7E2-AFE7E758D357}.Release|x86.Build.0 = Release|Win32
		{B915E04F-0CCB-41A7-97A5-AE6FEDDEACBE}.Debug|x64.ActiveCfg = Debug|x64
		{B915E04F-0CCB-41A7-97A5-AE6FEDDEACBE}.Debug|x64.Build.0 = Debug|x64
		{B915E04F-0CCB-41A7-97A5-AE6FEDDEACBE}.Debug|x86.ActiveCfg = Debug|Win32
		{B915E04F-0CCB-41A7-97A5-AE6FEDDEACBE}.Debug|x86.Build.0 = Debug|Win32
		{B915E04F-0CCB-41A7-97A5-AE6FEDDEACBE}.Release|x64.ActiveCfg = Release|x64
		{B915E04F-0CCB-41A7-97A5-AE6FEDDEACBE}.Release|x64.Build.0 = Release|x64
		{B915E04F-0CCB-41A7-97A5-AE6FEDDEACBE}.Release|x86.ActiveCfg = Release|Win32
		{B915E04F-0CCB-41A7-97A5-AE6FEDDEACBE}.Release|x86.Build.0 = Release|Win32
		{AF44B270-4A0C-4BF4-9149-7EDADA4C152E}.Debug|x64.ActiveCfg = Debug|x64
		{AF44B270-4A0C-4BF4-9149-7EDADA4C152E}.Debug|x64.Build.0 = Debug|x64
		{AF44B270-4A0C-4BF4-9149-7EDADA4C152E}.Debug|x86.ActiveCfg = Debug|Win32
		{AF44B270-4A0C-4BF4-9149-7EDADA4C152E}.Debug|x86.Build.0 = Debug|Win32
		{AF44B270-4A0C-4BF4-9149-7EDADA4C152E}.Release|x64.ActiveCfg = Release|x64
		{AF44B270-4A0C-4BF4-9149-7EDADA4C152E}.Release|x64.Build.0 = Release|x64
		{AF44B270-4A0C-4BF4-9149-7EDADA4C152E}.Release|x86.ActiveCfg = Release|Win32
		{AF44B270-4A0C-4BF4-9149-7EDADA4C152E}.Release|x86.Build.0 = Release|Win32
		{6A631A1F-EED0-45E2-82D9-3AA2B812E35C}.Debug|x64.ActiveCfg = Debug|x64
		{6A631A1F-EED0-45E2-82D9-3AA2B812E35C}.Debug|x64.Build.0 = Debug|x64
		{6A631A1F-EED0-45E2-82D9-3AA2B812E35C}.Debug|x86.ActiveCfg = Debug|Win32
		{6A631A1F-EED0-45E2-82D9-3AA2B812E35C}.Debug|x86.Build.0 = Debug|Win32
		{6A631A1F-EED0-45E2-82D9-3AA2B812E35C}.Release|x64.ActiveCfg = Release|x64
		{6A631A1F-EED0-45E2-82D9-3AA2B812E35C}.Release|x64.Build.0 = Release|x64
		{6A631A1F-EED0-45E2-82D9-3AA2B812E35C}.Release|x86.ActiveCfg = Release|Win32
		{6A631A1F-EED0-45E2-82D9-3AA2B812E35C}.Release|x86.Build.0 = Release|Win32
		{EED1E30E-30B7-47C8-911C-91CDB91D5B4C}.Debug|x64.ActiveCfg = Debug|x64
		{EED1E30E-30B7-47C8-911C-91CDB91D5B4C}.Debug|x64.Build.0 = Debug|x64
		{EED1E30E-30B7-47C8-911C-91CDB91D5B4C}.Debug|x86.ActiveCfg = Debug|Win32
		{EED1E30E-30B7-47C8-911C-91CDB91D5B4C}.Debug|x86.Build.0 = Debug|Win32
		{EED1E30E-30B7-47C8-911C-91CDB91D5B4C}.Release|x64.ActiveCfg = Release|x64
		{EED1E30E-30B7-47C8-911C-91CDB91D5B4C}.Release|x64.Build.0 = Release|x64
		{EED1E30E-30B7-47C8-911C-91CDB91D5B4C}.Release|x86.ActiveCfg = Release|Win32
		{EED1E30E-30B7-47C8-911C-91CDB91D5B4C}.Release|x86.Build.0 = Release|Win32
		{E2B2D246-7F06-4D51-B39D-C976C224F680}.Debug|x64.ActiveCfg = Debug|x64
		{E2B2D246-7F06-4D51-B39D-C976C224F680}.Debug|x64.Build.0 = Debug|x64
		{E2B2D246-7F06-4D51-B39D-C976C224F680}.Debug|x86.ActiveCfg = Debug|Win32
		{E2B2D246-7F06-4D51-B39D-C976C224F680}.Debug|x86.Build.0 = Debug|Win32
		{E2B2D246-7F06-4D51-B39D-C976C224F680}.Release|x64.ActiveCfg = Release|x64
		{E2B2D246-7F06-4D51-B39D-C976C224F680}.Release|x64.Build.0 = Release|x64
		{E2B2D246-7F06-4D51-B39D-C976C224F680}.Release|x86.ActiveCfg = Release|Win32
		{E2B2D246-7F06-4D51-B39D-C976C224F680}.Release|x86.Build.0 = Release|Win32
	EndGlobalSection
	GlobalSection(SolutionProperties) = preSolution
		HideSolutionNode = FALSE
	EndGlobalSection
	GlobalSection(ExtensibilityGlobals) = postSolution
		SolutionGuid = {542EF98A-B62F-4C5C-81B7-4EC4D7333772}
	EndGlobalSection
EndGlobal
